Microsoft Visual Studio Solution File, Format Version 12.00
# Visual Studio Version 16
VisualStudioVersion = 16.0.29509.3
MinimumVisualStudioVersion = 10.0.40219.1
Project("{2150E333-8FDC-42A3-9474-1A3956D46DE8}") = "Solution Items", "Solution Items", "{200710AC-5416-47B8-84F3-7DDDFBB1E704}"
	ProjectSection(SolutionItems) = preProject
		.dockerignore = .dockerignore
		.editorconfig = .editorconfig
		.gitattributes = .gitattributes
		.gitignore = .gitignore
		azure-pipelines.yml = azure-pipelines.yml
		CHANGELOG.md = CHANGELOG.md
		CONTRIBUTING.md = CONTRIBUTING.md
		docker-compose.yml = docker-compose.yml
		Dockerfile = Dockerfile
		LICENSE.txt = LICENSE.txt
		README.md = README.md
	EndProjectSection
EndProject
Project("{2150E333-8FDC-42A3-9474-1A3956D46DE8}") = "src", "src", "{BC0265BF-FD43-4440-A265-0E70F62B1410}"
EndProject
Project("{2150E333-8FDC-42A3-9474-1A3956D46DE8}") = "1. Seedwork and Crosscutting Layers", "1. Seedwork and Crosscutting Layers", "{886CA785-28AD-464D-AE18-2F81F361FF88}"
EndProject
Project("{2150E333-8FDC-42A3-9474-1A3956D46DE8}") = "1.1. Application", "1.1. Application", "{A7246918-1FAF-42C5-838C-16AB2EF5AFD7}"
EndProject
Project("{2150E333-8FDC-42A3-9474-1A3956D46DE8}") = "1.2. Domain", "1.2. Domain", "{7D26928A-A684-4BB1-9B9F-90CC8AE16BA3}"
EndProject
Project("{2150E333-8FDC-42A3-9474-1A3956D46DE8}") = "1.3. Infrastructure", "1.3. Infrastructure", "{ED71AD7B-C23E-4DB6-86BE-DAA4C5A26293}"
EndProject
Project("{2150E333-8FDC-42A3-9474-1A3956D46DE8}") = "2. Application", "2. Application", "{43820BA9-CF92-4E09-B0B8-67D5D8BDE927}"
EndProject
Project("{2150E333-8FDC-42A3-9474-1A3956D46DE8}") = "3. Domain", "3. Domain", "{AC558BCA-E450-4625-B1C4-47F2101841D3}"
EndProject
Project("{2150E333-8FDC-42A3-9474-1A3956D46DE8}") = "4. Infrastructure", "4. Infrastructure", "{E1CA107D-E5EA-4E0D-8715-9151619D9A8E}"
EndProject
Project("{9A19103F-16F7-4668-BE54-9A1E7A4F7556}") = "Infra.Crosscutting", "src\Seedwork\Infra.Crosscutting\Infra.Crosscutting.csproj", "{79E890BA-BD0E-4429-A770-81899AD59E72}"
EndProject
Project("{9A19103F-16F7-4668-BE54-9A1E7A4F7556}") = "Infra.Data.Seedwork", "src\Seedwork\Infra.Data.Seedwork\Infra.Data.Seedwork.csproj", "{DA9A91BD-1B6D-4634-91F8-6224F0416E65}"
EndProject
Project("{9A19103F-16F7-4668-BE54-9A1E7A4F7556}") = "Domain.Seedwork", "src\Seedwork\Domain.Seedwork\Domain.Seedwork.csproj", "{8F3403A8-F07D-4CEF-B15E-E454BF979CB4}"
EndProject
Project("{9A19103F-16F7-4668-BE54-9A1E7A4F7556}") = "Application.Seedwork", "src\Seedwork\Application.Seedwork\Application.Seedwork.csproj", "{6BFD4F41-D5C0-4E3A-A867-9215D4018AA5}"
EndProject
Project("{2150E333-8FDC-42A3-9474-1A3956D46DE8}") = "tests", "tests", "{565982FA-8115-4608-9A08-FB1E148752EB}"
EndProject
Project("{9A19103F-16F7-4668-BE54-9A1E7A4F7556}") = "Infra.Crosscutting.Tests", "tests\Infra.Crosscutting.Tests\Infra.Crosscutting.Tests.csproj", "{A18800DF-B09A-454E-A1E4-D1B56B81649F}"
EndProject
Project("{9A19103F-16F7-4668-BE54-9A1E7A4F7556}") = "Infra.Data.Seedwork.Tests", "tests\Infra.Data.Seedwork.Tests\Infra.Data.Seedwork.Tests.csproj", "{EB618877-646B-4632-A102-2FC73B4B7B71}"
EndProject
Project("{9A19103F-16F7-4668-BE54-9A1E7A4F7556}") = "Domain.Seedwork.Tests", "tests\Domain.Seedwork.Tests\Domain.Seedwork.Tests.csproj", "{173E5998-EC01-4FD3-8BFF-9EA6E32CBDBD}"
EndProject
Project("{9A19103F-16F7-4668-BE54-9A1E7A4F7556}") = "Application.Seedwork.Tests", "tests\Application.Seedwork.Tests\Application.Seedwork.Tests.csproj", "{66C52759-C425-4420-AFA3-C04BF5F83B6F}"
EndProject
Project("{9A19103F-16F7-4668-BE54-9A1E7A4F7556}") = "Infra.Http.Seedwork", "src\Seedwork\Infra.Http.Seedwork\Infra.Http.Seedwork.csproj", "{37B398BC-792B-4339-A0A9-19717B4880DB}"
EndProject
Project("{2150E333-8FDC-42A3-9474-1A3956D46DE8}") = "Demo", "Demo", "{F5F60FC6-C30F-45CB-8F12-BF7565E7FD07}"
EndProject
Project("{FAE04EC0-301F-11D3-BF4B-00C04F79EFBC}") = "Ritter.Samples.Api", "src\Demo\Ritter.Samples.Api\Ritter.Samples.Api.csproj", "{D0E1EE71-D49F-4EBD-9648-96DBD5A14124}"
EndProject
Project("{FAE04EC0-301F-11D3-BF4B-00C04F79EFBC}") = "Ritter.Samples.Application", "src\Demo\Ritter.Samples.Application\Ritter.Samples.Application.csproj", "{ECA35C9B-9AB5-4201-ABD9-E104C5A638AF}"
EndProject
Project("{FAE04EC0-301F-11D3-BF4B-00C04F79EFBC}") = "Ritter.Samples.Application.DTO", "src\Demo\Ritter.Samples.Application.DTO\Ritter.Samples.Application.DTO.csproj", "{4EA4370A-9B30-4C7A-950E-B0B079DFCB51}"
EndProject
Project("{FAE04EC0-301F-11D3-BF4B-00C04F79EFBC}") = "Ritter.Samples.Domain", "src\Demo\Ritter.Samples.Domain\Ritter.Samples.Domain.csproj", "{4CBF9073-856B-47BF-8139-CC878AE2909D}"
EndProject
Project("{FAE04EC0-301F-11D3-BF4B-00C04F79EFBC}") = "Ritter.Samples.Infra.Data", "src\Demo\Ritter.Samples.Infra.Data\Ritter.Samples.Infra.Data.csproj", "{4CC14148-5FF0-410F-BF00-63F705B12273}"
EndProject
Project("{FAE04EC0-301F-11D3-BF4B-00C04F79EFBC}") = "Ritter.Samples.IoC", "src\Demo\Ritter.Samples.IoC\Ritter.Samples.IoC.csproj", "{3AFDA847-6DBC-4232-B069-CCA8EA6D923C}"
EndProject
Global
	GlobalSection(SolutionConfigurationPlatforms) = preSolution
		Debug|Any CPU = Debug|Any CPU
		Debug|x64 = Debug|x64
		Debug|x86 = Debug|x86
		Release|Any CPU = Release|Any CPU
		Release|x64 = Release|x64
		Release|x86 = Release|x86
	EndGlobalSection
	GlobalSection(ProjectConfigurationPlatforms) = postSolution
		{79E890BA-BD0E-4429-A770-81899AD59E72}.Debug|Any CPU.ActiveCfg = Debug|Any CPU
		{79E890BA-BD0E-4429-A770-81899AD59E72}.Debug|Any CPU.Build.0 = Debug|Any CPU
		{79E890BA-BD0E-4429-A770-81899AD59E72}.Debug|x64.ActiveCfg = Debug|Any CPU
		{79E890BA-BD0E-4429-A770-81899AD59E72}.Debug|x64.Build.0 = Debug|Any CPU
		{79E890BA-BD0E-4429-A770-81899AD59E72}.Debug|x86.ActiveCfg = Debug|Any CPU
		{79E890BA-BD0E-4429-A770-81899AD59E72}.Debug|x86.Build.0 = Debug|Any CPU
		{79E890BA-BD0E-4429-A770-81899AD59E72}.Release|Any CPU.ActiveCfg = Release|Any CPU
		{79E890BA-BD0E-4429-A770-81899AD59E72}.Release|Any CPU.Build.0 = Release|Any CPU
		{79E890BA-BD0E-4429-A770-81899AD59E72}.Release|x64.ActiveCfg = Release|Any CPU
		{79E890BA-BD0E-4429-A770-81899AD59E72}.Release|x64.Build.0 = Release|Any CPU
		{79E890BA-BD0E-4429-A770-81899AD59E72}.Release|x86.ActiveCfg = Release|Any CPU
		{79E890BA-BD0E-4429-A770-81899AD59E72}.Release|x86.Build.0 = Release|Any CPU
		{DA9A91BD-1B6D-4634-91F8-6224F0416E65}.Debug|Any CPU.ActiveCfg = Debug|Any CPU
		{DA9A91BD-1B6D-4634-91F8-6224F0416E65}.Debug|Any CPU.Build.0 = Debug|Any CPU
		{DA9A91BD-1B6D-4634-91F8-6224F0416E65}.Debug|x64.ActiveCfg = Debug|Any CPU
		{DA9A91BD-1B6D-4634-91F8-6224F0416E65}.Debug|x64.Build.0 = Debug|Any CPU
		{DA9A91BD-1B6D-4634-91F8-6224F0416E65}.Debug|x86.ActiveCfg = Debug|Any CPU
		{DA9A91BD-1B6D-4634-91F8-6224F0416E65}.Debug|x86.Build.0 = Debug|Any CPU
		{DA9A91BD-1B6D-4634-91F8-6224F0416E65}.Release|Any CPU.ActiveCfg = Release|Any CPU
		{DA9A91BD-1B6D-4634-91F8-6224F0416E65}.Release|Any CPU.Build.0 = Release|Any CPU
		{DA9A91BD-1B6D-4634-91F8-6224F0416E65}.Release|x64.ActiveCfg = Release|Any CPU
		{DA9A91BD-1B6D-4634-91F8-6224F0416E65}.Release|x64.Build.0 = Release|Any CPU
		{DA9A91BD-1B6D-4634-91F8-6224F0416E65}.Release|x86.ActiveCfg = Release|Any CPU
		{DA9A91BD-1B6D-4634-91F8-6224F0416E65}.Release|x86.Build.0 = Release|Any CPU
		{8F3403A8-F07D-4CEF-B15E-E454BF979CB4}.Debug|Any CPU.ActiveCfg = Debug|Any CPU
		{8F3403A8-F07D-4CEF-B15E-E454BF979CB4}.Debug|Any CPU.Build.0 = Debug|Any CPU
		{8F3403A8-F07D-4CEF-B15E-E454BF979CB4}.Debug|x64.ActiveCfg = Debug|Any CPU
		{8F3403A8-F07D-4CEF-B15E-E454BF979CB4}.Debug|x64.Build.0 = Debug|Any CPU
		{8F3403A8-F07D-4CEF-B15E-E454BF979CB4}.Debug|x86.ActiveCfg = Debug|Any CPU
		{8F3403A8-F07D-4CEF-B15E-E454BF979CB4}.Debug|x86.Build.0 = Debug|Any CPU
		{8F3403A8-F07D-4CEF-B15E-E454BF979CB4}.Release|Any CPU.ActiveCfg = Release|Any CPU
		{8F3403A8-F07D-4CEF-B15E-E454BF979CB4}.Release|Any CPU.Build.0 = Release|Any CPU
		{8F3403A8-F07D-4CEF-B15E-E454BF979CB4}.Release|x64.ActiveCfg = Release|Any CPU
		{8F3403A8-F07D-4CEF-B15E-E454BF979CB4}.Release|x64.Build.0 = Release|Any CPU
		{8F3403A8-F07D-4CEF-B15E-E454BF979CB4}.Release|x86.ActiveCfg = Release|Any CPU
		{8F3403A8-F07D-4CEF-B15E-E454BF979CB4}.Release|x86.Build.0 = Release|Any CPU
		{6BFD4F41-D5C0-4E3A-A867-9215D4018AA5}.Debug|Any CPU.ActiveCfg = Debug|Any CPU
		{6BFD4F41-D5C0-4E3A-A867-9215D4018AA5}.Debug|Any CPU.Build.0 = Debug|Any CPU
		{6BFD4F41-D5C0-4E3A-A867-9215D4018AA5}.Debug|x64.ActiveCfg = Debug|Any CPU
		{6BFD4F41-D5C0-4E3A-A867-9215D4018AA5}.Debug|x64.Build.0 = Debug|Any CPU
		{6BFD4F41-D5C0-4E3A-A867-9215D4018AA5}.Debug|x86.ActiveCfg = Debug|Any CPU
		{6BFD4F41-D5C0-4E3A-A867-9215D4018AA5}.Debug|x86.Build.0 = Debug|Any CPU
		{6BFD4F41-D5C0-4E3A-A867-9215D4018AA5}.Release|Any CPU.ActiveCfg = Release|Any CPU
		{6BFD4F41-D5C0-4E3A-A867-9215D4018AA5}.Release|Any CPU.Build.0 = Release|Any CPU
		{6BFD4F41-D5C0-4E3A-A867-9215D4018AA5}.Release|x64.ActiveCfg = Release|Any CPU
		{6BFD4F41-D5C0-4E3A-A867-9215D4018AA5}.Release|x64.Build.0 = Release|Any CPU
		{6BFD4F41-D5C0-4E3A-A867-9215D4018AA5}.Release|x86.ActiveCfg = Release|Any CPU
		{6BFD4F41-D5C0-4E3A-A867-9215D4018AA5}.Release|x86.Build.0 = Release|Any CPU
		{A18800DF-B09A-454E-A1E4-D1B56B81649F}.Debug|Any CPU.ActiveCfg = Debug|Any CPU
		{A18800DF-B09A-454E-A1E4-D1B56B81649F}.Debug|Any CPU.Build.0 = Debug|Any CPU
		{A18800DF-B09A-454E-A1E4-D1B56B81649F}.Debug|x64.ActiveCfg = Debug|Any CPU
		{A18800DF-B09A-454E-A1E4-D1B56B81649F}.Debug|x64.Build.0 = Debug|Any CPU
		{A18800DF-B09A-454E-A1E4-D1B56B81649F}.Debug|x86.ActiveCfg = Debug|Any CPU
		{A18800DF-B09A-454E-A1E4-D1B56B81649F}.Debug|x86.Build.0 = Debug|Any CPU
		{A18800DF-B09A-454E-A1E4-D1B56B81649F}.Release|Any CPU.ActiveCfg = Release|Any CPU
		{A18800DF-B09A-454E-A1E4-D1B56B81649F}.Release|Any CPU.Build.0 = Release|Any CPU
		{A18800DF-B09A-454E-A1E4-D1B56B81649F}.Release|x64.ActiveCfg = Release|Any CPU
		{A18800DF-B09A-454E-A1E4-D1B56B81649F}.Release|x64.Build.0 = Release|Any CPU
		{A18800DF-B09A-454E-A1E4-D1B56B81649F}.Release|x86.ActiveCfg = Release|Any CPU
		{A18800DF-B09A-454E-A1E4-D1B56B81649F}.Release|x86.Build.0 = Release|Any CPU
		{EB618877-646B-4632-A102-2FC73B4B7B71}.Debug|Any CPU.ActiveCfg = Debug|Any CPU
		{EB618877-646B-4632-A102-2FC73B4B7B71}.Debug|Any CPU.Build.0 = Debug|Any CPU
		{EB618877-646B-4632-A102-2FC73B4B7B71}.Debug|x64.ActiveCfg = Debug|Any CPU
		{EB618877-646B-4632-A102-2FC73B4B7B71}.Debug|x64.Build.0 = Debug|Any CPU
		{EB618877-646B-4632-A102-2FC73B4B7B71}.Debug|x86.ActiveCfg = Debug|Any CPU
		{EB618877-646B-4632-A102-2FC73B4B7B71}.Debug|x86.Build.0 = Debug|Any CPU
		{EB618877-646B-4632-A102-2FC73B4B7B71}.Release|Any CPU.ActiveCfg = Release|Any CPU
		{EB618877-646B-4632-A102-2FC73B4B7B71}.Release|Any CPU.Build.0 = Release|Any CPU
		{EB618877-646B-4632-A102-2FC73B4B7B71}.Release|x64.ActiveCfg = Release|Any CPU
		{EB618877-646B-4632-A102-2FC73B4B7B71}.Release|x64.Build.0 = Release|Any CPU
		{EB618877-646B-4632-A102-2FC73B4B7B71}.Release|x86.ActiveCfg = Release|Any CPU
		{EB618877-646B-4632-A102-2FC73B4B7B71}.Release|x86.Build.0 = Release|Any CPU
		{173E5998-EC01-4FD3-8BFF-9EA6E32CBDBD}.Debug|Any CPU.ActiveCfg = Debug|Any CPU
		{173E5998-EC01-4FD3-8BFF-9EA6E32CBDBD}.Debug|Any CPU.Build.0 = Debug|Any CPU
		{173E5998-EC01-4FD3-8BFF-9EA6E32CBDBD}.Debug|x64.ActiveCfg = Debug|Any CPU
		{173E5998-EC01-4FD3-8BFF-9EA6E32CBDBD}.Debug|x64.Build.0 = Debug|Any CPU
		{173E5998-EC01-4FD3-8BFF-9EA6E32CBDBD}.Debug|x86.ActiveCfg = Debug|Any CPU
		{173E5998-EC01-4FD3-8BFF-9EA6E32CBDBD}.Debug|x86.Build.0 = Debug|Any CPU
		{173E5998-EC01-4FD3-8BFF-9EA6E32CBDBD}.Release|Any CPU.ActiveCfg = Release|Any CPU
		{173E5998-EC01-4FD3-8BFF-9EA6E32CBDBD}.Release|Any CPU.Build.0 = Release|Any CPU
		{173E5998-EC01-4FD3-8BFF-9EA6E32CBDBD}.Release|x64.ActiveCfg = Release|Any CPU
		{173E5998-EC01-4FD3-8BFF-9EA6E32CBDBD}.Release|x64.Build.0 = Release|Any CPU
		{173E5998-EC01-4FD3-8BFF-9EA6E32CBDBD}.Release|x86.ActiveCfg = Release|Any CPU
		{173E5998-EC01-4FD3-8BFF-9EA6E32CBDBD}.Release|x86.Build.0 = Release|Any CPU
		{66C52759-C425-4420-AFA3-C04BF5F83B6F}.Debug|Any CPU.ActiveCfg = Debug|Any CPU
		{66C52759-C425-4420-AFA3-C04BF5F83B6F}.Debug|Any CPU.Build.0 = Debug|Any CPU
		{66C52759-C425-4420-AFA3-C04BF5F83B6F}.Debug|x64.ActiveCfg = Debug|Any CPU
		{66C52759-C425-4420-AFA3-C04BF5F83B6F}.Debug|x64.Build.0 = Debug|Any CPU
		{66C52759-C425-4420-AFA3-C04BF5F83B6F}.Debug|x86.ActiveCfg = Debug|Any CPU
		{66C52759-C425-4420-AFA3-C04BF5F83B6F}.Debug|x86.Build.0 = Debug|Any CPU
		{66C52759-C425-4420-AFA3-C04BF5F83B6F}.Release|Any CPU.ActiveCfg = Release|Any CPU
		{66C52759-C425-4420-AFA3-C04BF5F83B6F}.Release|Any CPU.Build.0 = Release|Any CPU
		{66C52759-C425-4420-AFA3-C04BF5F83B6F}.Release|x64.ActiveCfg = Release|Any CPU
		{66C52759-C425-4420-AFA3-C04BF5F83B6F}.Release|x64.Build.0 = Release|Any CPU
		{66C52759-C425-4420-AFA3-C04BF5F83B6F}.Release|x86.ActiveCfg = Release|Any CPU
		{66C52759-C425-4420-AFA3-C04BF5F83B6F}.Release|x86.Build.0 = Release|Any CPU
		{37B398BC-792B-4339-A0A9-19717B4880DB}.Debug|Any CPU.ActiveCfg = Debug|Any CPU
		{37B398BC-792B-4339-A0A9-19717B4880DB}.Debug|Any CPU.Build.0 = Debug|Any CPU
		{37B398BC-792B-4339-A0A9-19717B4880DB}.Debug|x64.ActiveCfg = Debug|Any CPU
		{37B398BC-792B-4339-A0A9-19717B4880DB}.Debug|x64.Build.0 = Debug|Any CPU
		{37B398BC-792B-4339-A0A9-19717B4880DB}.Debug|x86.ActiveCfg = Debug|Any CPU
		{37B398BC-792B-4339-A0A9-19717B4880DB}.Debug|x86.Build.0 = Debug|Any CPU
		{37B398BC-792B-4339-A0A9-19717B4880DB}.Release|Any CPU.ActiveCfg = Release|Any CPU
		{37B398BC-792B-4339-A0A9-19717B4880DB}.Release|Any CPU.Build.0 = Release|Any CPU
		{37B398BC-792B-4339-A0A9-19717B4880DB}.Release|x64.ActiveCfg = Release|Any CPU
		{37B398BC-792B-4339-A0A9-19717B4880DB}.Release|x64.Build.0 = Release|Any CPU
		{37B398BC-792B-4339-A0A9-19717B4880DB}.Release|x86.ActiveCfg = Release|Any CPU
		{37B398BC-792B-4339-A0A9-19717B4880DB}.Release|x86.Build.0 = Release|Any CPU
		{D0E1EE71-D49F-4EBD-9648-96DBD5A14124}.Debug|Any CPU.ActiveCfg = Debug|Any CPU
		{D0E1EE71-D49F-4EBD-9648-96DBD5A14124}.Debug|Any CPU.Build.0 = Debug|Any CPU
		{D0E1EE71-D49F-4EBD-9648-96DBD5A14124}.Debug|x64.ActiveCfg = Debug|Any CPU
		{D0E1EE71-D49F-4EBD-9648-96DBD5A14124}.Debug|x64.Build.0 = Debug|Any CPU
		{D0E1EE71-D49F-4EBD-9648-96DBD5A14124}.Debug|x86.ActiveCfg = Debug|Any CPU
		{D0E1EE71-D49F-4EBD-9648-96DBD5A14124}.Debug|x86.Build.0 = Debug|Any CPU
		{D0E1EE71-D49F-4EBD-9648-96DBD5A14124}.Release|Any CPU.ActiveCfg = Release|Any CPU
		{D0E1EE71-D49F-4EBD-9648-96DBD5A14124}.Release|Any CPU.Build.0 = Release|Any CPU
		{D0E1EE71-D49F-4EBD-9648-96DBD5A14124}.Release|x64.ActiveCfg = Release|Any CPU
		{D0E1EE71-D49F-4EBD-9648-96DBD5A14124}.Release|x64.Build.0 = Release|Any CPU
		{D0E1EE71-D49F-4EBD-9648-96DBD5A14124}.Release|x86.ActiveCfg = Release|Any CPU
		{D0E1EE71-D49F-4EBD-9648-96DBD5A14124}.Release|x86.Build.0 = Release|Any CPU
		{ECA35C9B-9AB5-4201-ABD9-E104C5A638AF}.Debug|Any CPU.ActiveCfg = Debug|Any CPU
		{ECA35C9B-9AB5-4201-ABD9-E104C5A638AF}.Debug|Any CPU.Build.0 = Debug|Any CPU
		{ECA35C9B-9AB5-4201-ABD9-E104C5A638AF}.Debug|x64.ActiveCfg = Debug|Any CPU
		{ECA35C9B-9AB5-4201-ABD9-E104C5A638AF}.Debug|x64.Build.0 = Debug|Any CPU
		{ECA35C9B-9AB5-4201-ABD9-E104C5A638AF}.Debug|x86.ActiveCfg = Debug|Any CPU
		{ECA35C9B-9AB5-4201-ABD9-E104C5A638AF}.Debug|x86.Build.0 = Debug|Any CPU
		{ECA35C9B-9AB5-4201-ABD9-E104C5A638AF}.Release|Any CPU.ActiveCfg = Release|Any CPU
		{ECA35C9B-9AB5-4201-ABD9-E104C5A638AF}.Release|Any CPU.Build.0 = Release|Any CPU
		{ECA35C9B-9AB5-4201-ABD9-E104C5A638AF}.Release|x64.ActiveCfg = Release|Any CPU
		{ECA35C9B-9AB5-4201-ABD9-E104C5A638AF}.Release|x64.Build.0 = Release|Any CPU
		{ECA35C9B-9AB5-4201-ABD9-E104C5A638AF}.Release|x86.ActiveCfg = Release|Any CPU
		{ECA35C9B-9AB5-4201-ABD9-E104C5A638AF}.Release|x86.Build.0 = Release|Any CPU
		{4EA4370A-9B30-4C7A-950E-B0B079DFCB51}.Debug|Any CPU.ActiveCfg = Debug|Any CPU
		{4EA4370A-9B30-4C7A-950E-B0B079DFCB51}.Debug|Any CPU.Build.0 = Debug|Any CPU
		{4EA4370A-9B30-4C7A-950E-B0B079DFCB51}.Debug|x64.ActiveCfg = Debug|Any CPU
		{4EA4370A-9B30-4C7A-950E-B0B079DFCB51}.Debug|x64.Build.0 = Debug|Any CPU
		{4EA4370A-9B30-4C7A-950E-B0B079DFCB51}.Debug|x86.ActiveCfg = Debug|Any CPU
		{4EA4370A-9B30-4C7A-950E-B0B079DFCB51}.Debug|x86.Build.0 = Debug|Any CPU
		{4EA4370A-9B30-4C7A-950E-B0B079DFCB51}.Release|Any CPU.ActiveCfg = Release|Any CPU
		{4EA4370A-9B30-4C7A-950E-B0B079DFCB51}.Release|Any CPU.Build.0 = Release|Any CPU
		{4EA4370A-9B30-4C7A-950E-B0B079DFCB51}.Release|x64.ActiveCfg = Release|Any CPU
		{4EA4370A-9B30-4C7A-950E-B0B079DFCB51}.Release|x64.Build.0 = Release|Any CPU
		{4EA4370A-9B30-4C7A-950E-B0B079DFCB51}.Release|x86.ActiveCfg = Release|Any CPU
		{4EA4370A-9B30-4C7A-950E-B0B079DFCB51}.Release|x86.Build.0 = Release|Any CPU
		{4CBF9073-856B-47BF-8139-CC878AE2909D}.Debug|Any CPU.ActiveCfg = Debug|Any CPU
		{4CBF9073-856B-47BF-8139-CC878AE2909D}.Debug|Any CPU.Build.0 = Debug|Any CPU
		{4CBF9073-856B-47BF-8139-CC878AE2909D}.Debug|x64.ActiveCfg = Debug|Any CPU
		{4CBF9073-856B-47BF-8139-CC878AE2909D}.Debug|x64.Build.0 = Debug|Any CPU
		{4CBF9073-856B-47BF-8139-CC878AE2909D}.Debug|x86.ActiveCfg = Debug|Any CPU
		{4CBF9073-856B-47BF-8139-CC878AE2909D}.Debug|x86.Build.0 = Debug|Any CPU
		{4CBF9073-856B-47BF-8139-CC878AE2909D}.Release|Any CPU.ActiveCfg = Release|Any CPU
		{4CBF9073-856B-47BF-8139-CC878AE2909D}.Release|Any CPU.Build.0 = Release|Any CPU
		{4CBF9073-856B-47BF-8139-CC878AE2909D}.Release|x64.ActiveCfg = Release|Any CPU
		{4CBF9073-856B-47BF-8139-CC878AE2909D}.Release|x64.Build.0 = Release|Any CPU
		{4CBF9073-856B-47BF-8139-CC878AE2909D}.Release|x86.ActiveCfg = Release|Any CPU
		{4CBF9073-856B-47BF-8139-CC878AE2909D}.Release|x86.Build.0 = Release|Any CPU
		{4CC14148-5FF0-410F-BF00-63F705B12273}.Debug|Any CPU.ActiveCfg = Debug|Any CPU
		{4CC14148-5FF0-410F-BF00-63F705B12273}.Debug|Any CPU.Build.0 = Debug|Any CPU
		{4CC14148-5FF0-410F-BF00-63F705B12273}.Debug|x64.ActiveCfg = Debug|Any CPU
		{4CC14148-5FF0-410F-BF00-63F705B12273}.Debug|x64.Build.0 = Debug|Any CPU
		{4CC14148-5FF0-410F-BF00-63F705B12273}.Debug|x86.ActiveCfg = Debug|Any CPU
		{4CC14148-5FF0-410F-BF00-63F705B12273}.Debug|x86.Build.0 = Debug|Any CPU
		{4CC14148-5FF0-410F-BF00-63F705B12273}.Release|Any CPU.ActiveCfg = Release|Any CPU
		{4CC14148-5FF0-410F-BF00-63F705B12273}.Release|Any CPU.Build.0 = Release|Any CPU
		{4CC14148-5FF0-410F-BF00-63F705B12273}.Release|x64.ActiveCfg = Release|Any CPU
		{4CC14148-5FF0-410F-BF00-63F705B12273}.Release|x64.Build.0 = Release|Any CPU
		{4CC14148-5FF0-410F-BF00-63F705B12273}.Release|x86.ActiveCfg = Release|Any CPU
		{4CC14148-5FF0-410F-BF00-63F705B12273}.Release|x86.Build.0 = Release|Any CPU
		{3AFDA847-6DBC-4232-B069-CCA8EA6D923C}.Debug|Any CPU.ActiveCfg = Debug|Any CPU
		{3AFDA847-6DBC-4232-B069-CCA8EA6D923C}.Debug|Any CPU.Build.0 = Debug|Any CPU
		{3AFDA847-6DBC-4232-B069-CCA8EA6D923C}.Debug|x64.ActiveCfg = Debug|Any CPU
		{3AFDA847-6DBC-4232-B069-CCA8EA6D923C}.Debug|x64.Build.0 = Debug|Any CPU
		{3AFDA847-6DBC-4232-B069-CCA8EA6D923C}.Debug|x86.ActiveCfg = Debug|Any CPU
		{3AFDA847-6DBC-4232-B069-CCA8EA6D923C}.Debug|x86.Build.0 = Debug|Any CPU
		{3AFDA847-6DBC-4232-B069-CCA8EA6D923C}.Release|Any CPU.ActiveCfg = Release|Any CPU
		{3AFDA847-6DBC-4232-B069-CCA8EA6D923C}.Release|Any CPU.Build.0 = Release|Any CPU
		{3AFDA847-6DBC-4232-B069-CCA8EA6D923C}.Release|x64.ActiveCfg = Release|Any CPU
		{3AFDA847-6DBC-4232-B069-CCA8EA6D923C}.Release|x64.Build.0 = Release|Any CPU
		{3AFDA847-6DBC-4232-B069-CCA8EA6D923C}.Release|x86.ActiveCfg = Release|Any CPU
		{3AFDA847-6DBC-4232-B069-CCA8EA6D923C}.Release|x86.Build.0 = Release|Any CPU
	EndGlobalSection
	GlobalSection(SolutionProperties) = preSolution
		HideSolutionNode = FALSE
	EndGlobalSection
	GlobalSection(NestedProjects) = preSolution
		{886CA785-28AD-464D-AE18-2F81F361FF88} = {BC0265BF-FD43-4440-A265-0E70F62B1410}
		{A7246918-1FAF-42C5-838C-16AB2EF5AFD7} = {886CA785-28AD-464D-AE18-2F81F361FF88}
		{7D26928A-A684-4BB1-9B9F-90CC8AE16BA3} = {886CA785-28AD-464D-AE18-2F81F361FF88}
		{ED71AD7B-C23E-4DB6-86BE-DAA4C5A26293} = {886CA785-28AD-464D-AE18-2F81F361FF88}
		{43820BA9-CF92-4E09-B0B8-67D5D8BDE927} = {565982FA-8115-4608-9A08-FB1E148752EB}
		{AC558BCA-E450-4625-B1C4-47F2101841D3} = {565982FA-8115-4608-9A08-FB1E148752EB}
		{E1CA107D-E5EA-4E0D-8715-9151619D9A8E} = {565982FA-8115-4608-9A08-FB1E148752EB}
		{79E890BA-BD0E-4429-A770-81899AD59E72} = {ED71AD7B-C23E-4DB6-86BE-DAA4C5A26293}
		{DA9A91BD-1B6D-4634-91F8-6224F0416E65} = {ED71AD7B-C23E-4DB6-86BE-DAA4C5A26293}
		{8F3403A8-F07D-4CEF-B15E-E454BF979CB4} = {7D26928A-A684-4BB1-9B9F-90CC8AE16BA3}
		{6BFD4F41-D5C0-4E3A-A867-9215D4018AA5} = {A7246918-1FAF-42C5-838C-16AB2EF5AFD7}
		{A18800DF-B09A-454E-A1E4-D1B56B81649F} = {E1CA107D-E5EA-4E0D-8715-9151619D9A8E}
		{EB618877-646B-4632-A102-2FC73B4B7B71} = {E1CA107D-E5EA-4E0D-8715-9151619D9A8E}
		{173E5998-EC01-4FD3-8BFF-9EA6E32CBDBD} = {AC558BCA-E450-4625-B1C4-47F2101841D3}
		{66C52759-C425-4420-AFA3-C04BF5F83B6F} = {43820BA9-CF92-4E09-B0B8-67D5D8BDE927}
		{37B398BC-792B-4339-A0A9-19717B4880DB} = {ED71AD7B-C23E-4DB6-86BE-DAA4C5A26293}
		{F5F60FC6-C30F-45CB-8F12-BF7565E7FD07} = {BC0265BF-FD43-4440-A265-0E70F62B1410}
		{D0E1EE71-D49F-4EBD-9648-96DBD5A14124} = {F5F60FC6-C30F-45CB-8F12-BF7565E7FD07}
		{ECA35C9B-9AB5-4201-ABD9-E104C5A638AF} = {F5F60FC6-C30F-45CB-8F12-BF7565E7FD07}
		{4EA4370A-9B30-4C7A-950E-B0B079DFCB51} = {F5F60FC6-C30F-45CB-8F12-BF7565E7FD07}
		{4CBF9073-856B-47BF-8139-CC878AE2909D} = {F5F60FC6-C30F-45CB-8F12-BF7565E7FD07}
		{4CC14148-5FF0-410F-BF00-63F705B12273} = {F5F60FC6-C30F-45CB-8F12-BF7565E7FD07}
		{3AFDA847-6DBC-4232-B069-CCA8EA6D923C} = {F5F60FC6-C30F-45CB-8F12-BF7565E7FD07}
	EndGlobalSection
	GlobalSection(ExtensibilityGlobals) = postSolution
		SolutionGuid = {5401E5B9-6C83-4498-AF90-19477905BBAA}
	EndGlobalSection
EndGlobal
